
Microsoft Visual Studio Solution File, Format Version 12.00
# Visual Studio Version 16
VisualStudioVersion = 16.0.31321.278
MinimumVisualStudioVersion = 10.0.40219.1
Project("{FAE04EC0-301F-11D3-BF4B-00C04F79EFBC}") = "ByteDancePracAdvanced.Android", "ByteDancePracAdvanced\ByteDancePracAdvanced.Android\ByteDancePracAdvanced.Android.csproj", "{3E5D58AF-1CD6-4435-B993-057EF05A1D64}"
EndProject
Project("{FAE04EC0-301F-11D3-BF4B-00C04F79EFBC}") = "ByteDancePracAdvanced.iOS", "ByteDancePracAdvanced\ByteDancePracAdvanced.iOS\ByteDancePracAdvanced.iOS.csproj", "{3D211B95-A758-48F1-983D-A27434DCAD72}"
EndProject
Project("{9A19103F-16F7-4668-BE54-9A1E7A4F7556}") = "ByteDancePracAdvanced", "ByteDancePracAdvanced\ByteDancePracAdvanced\ByteDancePracAdvanced.csproj", "{90B59F58-3FE6-4B46-BDBA-7ABE5A041C2C}"
EndProject
Project("{2150E333-8FDC-42A3-9474-1A3956D46DE8}") = "Solution Items", "Solution Items", "{054F0E62-D902-4DAA-9792-D8FAB588B994}"
	ProjectSection(SolutionItems) = preProject
		README.md = README.md
	EndProjectSection
EndProject
Global
	GlobalSection(SolutionConfigurationPlatforms) = preSolution
		Debug|Any CPU = Debug|Any CPU
		Debug|iPhone = Debug|iPhone
		Debug|iPhoneSimulator = Debug|iPhoneSimulator
		Release|Any CPU = Release|Any CPU
		Release|iPhone = Release|iPhone
		Release|iPhoneSimulator = Release|iPhoneSimulator
	EndGlobalSection
	GlobalSection(ProjectConfigurationPlatforms) = postSolution
		{3E5D58AF-1CD6-4435-B993-057EF05A1D64}.Debug|Any CPU.ActiveCfg = Debug|Any CPU
		{3E5D58AF-1CD6-4435-B993-057EF05A1D64}.Debug|Any CPU.Build.0 = Debug|Any CPU
		{3E5D58AF-1CD6-4435-B993-057EF05A1D64}.Debug|Any CPU.Deploy.0 = Debug|Any CPU
		{3E5D58AF-1CD6-4435-B993-057EF05A1D64}.Debug|iPhone.ActiveCfg = Debug|Any CPU
		{3E5D58AF-1CD6-4435-B993-057EF05A1D64}.Debug|iPhone.Build.0 = Debug|Any CPU
		{3E5D58AF-1CD6-4435-B993-057EF05A1D64}.Debug|iPhone.Deploy.0 = Debug|Any CPU
		{3E5D58AF-1CD6-4435-B993-057EF05A1D64}.Debug|iPhoneSimulator.ActiveCfg = Debug|Any CPU
		{3E5D58AF-1CD6-4435-B993-057EF05A1D64}.Debug|iPhoneSimulator.Build.0 = Debug|Any CPU
		{3E5D58AF-1CD6-4435-B993-057EF05A1D64}.Debug|iPhoneSimulator.Deploy.0 = Debug|Any CPU
		{3E5D58AF-1CD6-4435-B993-057EF05A1D64}.Release|Any CPU.ActiveCfg = Release|Any CPU
		{3E5D58AF-1CD6-4435-B993-057EF05A1D64}.Release|Any CPU.Build.0 = Release|Any CPU
		{3E5D58AF-1CD6-4435-B993-057EF05A1D64}.Release|Any CPU.Deploy.0 = Release|Any CPU
		{3E5D58AF-1CD6-4435-B993-057EF05A1D64}.Release|iPhone.ActiveCfg = Release|Any CPU
		{3E5D58AF-1CD6-4435-B993-057EF05A1D64}.Release|iPhone.Build.0 = Release|Any CPU
		{3E5D58AF-1CD6-4435-B993-057EF05A1D64}.Release|iPhone.Deploy.0 = Release|Any CPU
		{3E5D58AF-1CD6-4435-B993-057EF05A1D64}.Release|iPhoneSimulator.ActiveCfg = Release|Any CPU
		{3E5D58AF-1CD6-4435-B993-057EF05A1D64}.Release|iPhoneSimulator.Build.0 = Release|Any CPU
		{3E5D58AF-1CD6-4435-B993-057EF05A1D64}.Release|iPhoneSimulator.Deploy.0 = Release|Any CPU
		{3D211B95-A758-48F1-983D-A27434DCAD72}.Debug|Any CPU.ActiveCfg = Debug|iPhone
		{3D211B95-A758-48F1-983D-A27434DCAD72}.Debug|Any CPU.Build.0 = Debug|iPhone
		{3D211B95-A758-48F1-983D-A27434DCAD72}.Debug|Any CPU.Deploy.0 = Debug|iPhone
		{3D211B95-A758-48F1-983D-A27434DCAD72}.Debug|iPhone.ActiveCfg = Debug|iPhone
		{3D211B95-A758-48F1-983D-A27434DCAD72}.Debug|iPhone.Build.0 = Debug|iPhone
		{3D211B95-A758-48F1-983D-A27434DCAD72}.Debug|iPhone.Deploy.0 = Debug|iPhone
		{3D211B95-A758-48F1-983D-A27434DCAD72}.Debug|iPhoneSimulator.ActiveCfg = Debug|iPhoneSimulator
		{3D211B95-A758-48F1-983D-A27434DCAD72}.Debug|iPhoneSimulator.Build.0 = Debug|iPhoneSimulator
		{3D211B95-A758-48F1-983D-A27434DCAD72}.Debug|iPhoneSimulator.Deploy.0 = Debug|iPhoneSimulator
		{3D211B95-A758-48F1-983D-A27434DCAD72}.Release|Any CPU.ActiveCfg = Release|iPhoneSimulator
		{3D211B95-A758-48F1-983D-A27434DCAD72}.Release|Any CPU.Build.0 = Release|iPhoneSimulator
		{3D211B95-A758-48F1-983D-A27434DCAD72}.Release|Any CPU.Deploy.0 = Release|iPhoneSimulator
		{3D211B95-A758-48F1-983D-A27434DCAD72}.Release|iPhone.ActiveCfg = Release|iPhone
		{3D211B95-A758-48F1-983D-A27434DCAD72}.Release|iPhone.Build.0 = Release|iPhone
		{3D211B95-A758-48F1-983D-A27434DCAD72}.Release|iPhone.Deploy.0 = Release|iPhone
		{3D211B95-A758-48F1-983D-A27434DCAD72}.Release|iPhoneSimulator.ActiveCfg = Release|iPhoneSimulator
		{3D211B95-A758-48F1-983D-A27434DCAD72}.Release|iPhoneSimulator.Build.0 = Release|iPhoneSimulator
		{3D211B95-A758-48F1-983D-A27434DCAD72}.Release|iPhoneSimulator.Deploy.0 = Release|iPhoneSimulator
		{90B59F58-3FE6-4B46-BDBA-7ABE5A041C2C}.Debug|Any CPU.ActiveCfg = Debug|Any CPU
		{90B59F58-3FE6-4B46-BDBA-7ABE5A041C2C}.Debug|Any CPU.Build.0 = Debug|Any CPU
		{90B59F58-3FE6-4B46-BDBA-7ABE5A041C2C}.Debug|Any CPU.Deploy.0 = Debug|Any CPU
		{90B59F58-3FE6-4B46-BDBA-7ABE5A041C2C}.Debug|iPhone.ActiveCfg = Debug|Any CPU
		{90B59F58-3FE6-4B46-BDBA-7ABE5A041C2C}.Debug|iPhone.Build.0 = Debug|Any CPU
		{90B59F58-3FE6-4B46-BDBA-7ABE5A041C2C}.Debug|iPhone.Deploy.0 = Debug|Any CPU
		{90B59F58-3FE6-4B46-BDBA-7ABE5A041C2C}.Debug|iPhoneSimulator.ActiveCfg = Debug|Any CPU
		{90B59F58-3FE6-4B46-BDBA-7ABE5A041C2C}.Debug|iPhoneSimulator.Build.0 = Debug|Any CPU
		{90B59F58-3FE6-4B46-BDBA-7ABE5A041C2C}.Debug|iPhoneSimulator.Deploy.0 = Debug|Any CPU
		{90B59F58-3FE6-4B46-BDBA-7ABE5A041C2C}.Release|Any CPU.ActiveCfg = Release|Any CPU
		{90B59F58-3FE6-4B46-BDBA-7ABE5A041C2C}.Release|Any CPU.Build.0 = Release|Any CPU
		{90B59F58-3FE6-4B46-BDBA-7ABE5A041C2C}.Release|Any CPU.Deploy.0 = Release|Any CPU
		{90B59F58-3FE6-4B46-BDBA-7ABE5A041C2C}.Release|iPhone.ActiveCfg = Release|Any CPU
		{90B59F58-3FE6-4B46-BDBA-7ABE5A041C2C}.Release|iPhone.Build.0 = Release|Any CPU
		{90B59F58-3FE6-4B46-BDBA-7ABE5A041C2C}.Release|iPhone.Deploy.0 = Release|Any CPU
		{90B59F58-3FE6-4B46-BDBA-7ABE5A041C2C}.Release|iPhoneSimulator.ActiveCfg = Release|Any CPU
		{90B59F58-3FE6-4B46-BDBA-7ABE5A041C2C}.Release|iPhoneSimulator.Build.0 = Release|Any CPU
		{90B59F58-3FE6-4B46-BDBA-7ABE5A041C2C}.Release|iPhoneSimulator.Deploy.0 = Release|Any CPU
	EndGlobalSection
	GlobalSection(SolutionProperties) = preSolution
		HideSolutionNode = FALSE
	EndGlobalSection
	GlobalSection(ExtensibilityGlobals) = postSolution
		SolutionGuid = {D462C97F-8524-44BB-9682-E47EA79AB859}
	EndGlobalSection
EndGlobal
